// !$*UTF8*$!
{
	archiveVersion = 1;
	classes = {
	};
	objectVersion = 46;
	objects = {

/* Begin PBXBuildFile section */
		B9355AA21AD7D13500C2C6A0 /* main.m in Sources */ = {isa = PBXBuildFile; fileRef = B9355AA11AD7D13500C2C6A0 /* main.m */; };
		B9355AA51AD7D13500C2C6A0 /* AppDelegate.m in Sources */ = {isa = PBXBuildFile; fileRef = B9355AA41AD7D13500C2C6A0 /* AppDelegate.m */; };
		B9355AA81AD7D13500C2C6A0 /* ViewController.m in Sources */ = {isa = PBXBuildFile; fileRef = B9355AA71AD7D13500C2C6A0 /* ViewController.m */; };
		B9355AAB1AD7D13500C2C6A0 /* Main.storyboard in Resources */ = {isa = PBXBuildFile; fileRef = B9355AA91AD7D13500C2C6A0 /* Main.storyboard */; };
		B9355AAD1AD7D13500C2C6A0 /* Images.xcassets in Resources */ = {isa = PBXBuildFile; fileRef = B9355AAC1AD7D13500C2C6A0 /* Images.xcassets */; };
		B9355AB01AD7D13500C2C6A0 /* LaunchScreen.xib in Resources */ = {isa = PBXBuildFile; fileRef = B9355AAE1AD7D13500C2C6A0 /* LaunchScreen.xib */; };
		B9355ABC1AD7D13500C2C6A0 /* ToDoListTests.m in Sources */ = {isa = PBXBuildFile; fileRef = B9355ABB1AD7D13500C2C6A0 /* ToDoListTests.m */; };
/* End PBXBuildFile section */

/* Begin PBXContainerItemProxy section */
		B9355AB61AD7D13500C2C6A0 /* PBXContainerItemProxy */ = {
			isa = PBXContainerItemProxy;
			containerPortal = B9355A941AD7D13500C2C6A0 /* Project object */;
			proxyType = 1;
			remoteGlobalIDString = B9355A9B1AD7D13500C2C6A0;
			remoteInfo = ToDoList;
		};
/* End PBXContainerItemProxy section */

/* Begin PBXFileReference section */
		B9355A9C1AD7D13500C2C6A0 /* ToDoList.app */ = {isa = PBXFileReference; explicitFileType = wrapper.application; includeInIndex = 0; path = ToDoList.app; sourceTree = BUILT_PRODUCTS_DIR; };
		B9355AA01AD7D13500C2C6A0 /* Info.plist */ = {isa = PBXFileReference; lastKnownFileType = text.plist.xml; path = Info.plist; sourceTree = "<group>"; };
		B9355AA11AD7D13500C2C6A0 /* main.m */ = {isa = PBXFileReference; lastKnownFileType = sourcecode.c.objc; path = main.m; sourceTree = "<group>"; };
		B9355AA31AD7D13500C2C6A0 /* AppDelegate.h */ = {isa = PBXFileReference; lastKnownFileType = sourcecode.c.h; path = AppDelegate.h; sourceTree = "<group>"; };
		B9355AA41AD7D13500C2C6A0 /* AppDelegate.m */ = {isa = PBXFileReference; lastKnownFileType = sourcecode.c.objc; path = AppDelegate.m; sourceTree = "<group>"; };
		B9355AA61AD7D13500C2C6A0 /* ViewController.h */ = {isa = PBXFileReference; lastKnownFileType = sourcecode.c.h; path = ViewController.h; sourceTree = "<group>"; };
		B9355AA71AD7D13500C2C6A0 /* ViewController.m */ = {isa = PBXFileReference; lastKnownFileType = sourcecode.c.objc; path = ViewController.m; sourceTree = "<group>"; };
		B9355AAA1AD7D13500C2C6A0 /* Base */ = {isa = PBXFileReference; lastKnownFileType = file.storyboard; name = Base; path = Base.lproj/Main.storyboard; sourceTree = "<group>"; };
		B9355AAC1AD7D13500C2C6A0 /* Images.xcassets */ = {isa = PBXFileReference; lastKnownFileType = folder.assetcatalog; path = Images.xcassets; sourceTree = "<group>"; };
		B9355AAF1AD7D13500C2C6A0 /* Base */ = {isa = PBXFileReference; lastKnownFileType = file.xib; name = Base; path = Base.lproj/LaunchScreen.xib; sourceTree = "<group>"; };
		B9355AB51AD7D13500C2C6A0 /* ToDoListTests.xctest */ = {isa = PBXFileReference; explicitFileType = wrapper.cfbundle; includeInIndex = 0; path = ToDoListTests.xctest; sourceTree = BUILT_PRODUCTS_DIR; };
		B9355ABA1AD7D13500C2C6A0 /* Info.plist */ = {isa = PBXFileReference; lastKnownFileType = text.plist.xml; path = Info.plist; sourceTree = "<group>"; };
		B9355ABB1AD7D13500C2C6A0 /* ToDoListTests.m */ = {isa = PBXFileReference; lastKnownFileType = sourcecode.c.objc; path = ToDoListTests.m; sourceTree = "<group>"; };
/* End PBXFileReference section */

/* Begin PBXFrameworksBuildPhase section */
		B9355A991AD7D13500C2C6A0 /* Frameworks */ = {
			isa = PBXFrameworksBuildPhase;
			buildActionMask = 2147483647;
			files = (
			);
			runOnlyForDeploymentPostprocessing = 0;
		};
		B9355AB21AD7D13500C2C6A0 /* Frameworks */ = {
			isa = PBXFrameworksBuildPhase;
			buildActionMask = 2147483647;
			files = (
			);
			runOnlyForDeploymentPostprocessing = 0;
		};
/* End PBXFrameworksBuildPhase section */

/* Begin PBXGroup section */
		B9355A931AD7D13500C2C6A0 = {
			isa = PBXGroup;
			children = (
				B9355A9E1AD7D13500C2C6A0 /* ToDoList */,
				B9355AB81AD7D13500C2C6A0 /* ToDoListTests */,
				B9355A9D1AD7D13500C2C6A0 /* Products */,
			);
			sourceTree = "<group>";
		};
		B9355A9D1AD7D13500C2C6A0 /* Products */ = {
			isa = PBXGroup;
			children = (
				B9355A9C1AD7D13500C2C6A0 /* ToDoList.app */,
				B9355AB51AD7D13500C2C6A0 /* ToDoListTests.xctest */,
			);
			name = Products;
			sourceTree = "<group>";
		};
		B9355A9E1AD7D13500C2C6A0 /* ToDoList */ = {
			isa = PBXGroup;
			children = (
				B9355AA31AD7D13500C2C6A0 /* AppDelegate.h */,
				B9355AA41AD7D13500C2C6A0 /* AppDelegate.m */,
				B9355AA61AD7D13500C2C6A0 /* ViewController.h */,
				B9355AA71AD7D13500C2C6A0 /* ViewController.m */,
				B9355AA91AD7D13500C2C6A0 /* Main.storyboard */,
				B9355AAC1AD7D13500C2C6A0 /* Images.xcassets */,
				B9355AAE1AD7D13500C2C6A0 /* LaunchScreen.xib */,
				B9355A9F1AD7D13500C2C6A0 /* Supporting Files */,
			);
			path = ToDoList;
			sourceTree = "<group>";
		};
		B9355A9F1AD7D13500C2C6A0 /* Supporting Files */ = {
			isa = PBXGroup;
			children = (
				B9355AA01AD7D13500C2C6A0 /* Info.plist */,
				B9355AA11AD7D13500C2C6A0 /* main.m */,
			);
			name = "Supporting Files";
			sourceTree = "<group>";
		};
		B9355AB81AD7D13500C2C6A0 /* ToDoListTests */ = {
			isa = PBXGroup;
			children = (
				B9355ABB1AD7D13500C2C6A0 /* ToDoListTests.m */,
				B9355AB91AD7D13500C2C6A0 /* Supporting Files */,
			);
			path = ToDoListTests;
			sourceTree = "<group>";
		};
		B9355AB91AD7D13500C2C6A0 /* Supporting Files */ = {
			isa = PBXGroup;
			children = (
				B9355ABA1AD7D13500C2C6A0 /* Info.plist */,
			);
			name = "Supporting Files";
			sourceTree = "<group>";
		};
/* End PBXGroup section */

/* Begin PBXNativeTarget section */
		B9355A9B1AD7D13500C2C6A0 /* ToDoList */ = {
			isa = PBXNativeTarget;
			buildConfigurationList = B9355ABF1AD7D13500C2C6A0 /* Build configuration list for PBXNativeTarget "ToDoList" */;
			buildPhases = (
				B9355A981AD7D13500C2C6A0 /* Sources */,
				B9355A991AD7D13500C2C6A0 /* Frameworks */,
				B9355A9A1AD7D13500C2C6A0 /* Resources */,
			);
			buildRules = (
			);
			dependencies = (
			);
			name = ToDoList;
			productName = ToDoList;
			productReference = B9355A9C1AD7D13500C2C6A0 /* ToDoList.app */;
			productType = "com.apple.product-type.application";
		};
		B9355AB41AD7D13500C2C6A0 /* ToDoListTests */ = {
			isa = PBXNativeTarget;
			buildConfigurationList = B9355AC21AD7D13500C2C6A0 /* Build configuration list for PBXNativeTarget "ToDoListTests" */;
			buildPhases = (
				B9355AB11AD7D13500C2C6A0 /* Sources */,
				B9355AB21AD7D13500C2C6A0 /* Frameworks */,
				B9355AB31AD7D13500C2C6A0 /* Resources */,
			);
			buildRules = (
			);
			dependencies = (
				B9355AB71AD7D13500C2C6A0 /* PBXTargetDependency */,
			);
			name = ToDoListTests;
			productName = ToDoListTests;
			productReference = B9355AB51AD7D13500C2C6A0 /* ToDoListTests.xctest */;
			productType = "com.apple.product-type.bundle.unit-test";
		};
/* End PBXNativeTarget section */

/* Begin PBXProject section */
		B9355A941AD7D13500C2C6A0 /* Project object */ = {
			isa = PBXProject;
			attributes = {
				LastUpgradeCheck = 0630;
				ORGANIZATIONNAME = BEI5000;
				TargetAttributes = {
					B9355A9B1AD7D13500C2C6A0 = {
						CreatedOnToolsVersion = 6.3;
					};
					B9355AB41AD7D13500C2C6A0 = {
						CreatedOnToolsVersion = 6.3;
						TestTargetID = B9355A9B1AD7D13500C2C6A0;
					};
				};
			};
			buildConfigurationList = B9355A971AD7D13500C2C6A0 /* Build configuration list for PBXProject "ToDoList" */;
			compatibilityVersion = "Xcode 3.2";
			developmentRegion = English;
			hasScannedForEncodings = 0;
			knownRegions = (
				en,
				Base,
			);
			mainGroup = B9355A931AD7D13500C2C6A0;
			productRefGroup = B9355A9D1AD7D13500C2C6A0 /* Products */;
			projectDirPath = "";
			projectRoot = "";
			targets = (
				B9355A9B1AD7D13500C2C6A0 /* ToDoList */,
				B9355AB41AD7D13500C2C6A0 /* ToDoListTests */,
			);
		};
/* End PBXProject section */

/* Begin PBXResourcesBuildPhase section */
		B9355A9A1AD7D13500C2C6A0 /* Resources */ = {
			isa = PBXResourcesBuildPhase;
			buildActionMask = 2147483647;
			files = (
				B9355AAB1AD7D13500C2C6A0 /* Main.storyboard in Resources */,
				B9355AB01AD7D13500C2C6A0 /* LaunchScreen.xib in Resources */,
				B9355AAD1AD7D13500C2C6A0 /* Images.xcassets in Resources */,
			);
			runOnlyForDeploymentPostprocessing = 0;
		};
		B9355AB31AD7D13500C2C6A0 /* Resources */ = {
			isa = PBXResourcesBuildPhase;
			buildActionMask = 2147483647;
			files = (
			);
			runOnlyForDeploymentPostprocessing = 0;
		};
/* End PBXResourcesBuildPhase section */

/* Begin PBXSourcesBuildPhase section */
		B9355A981AD7D13500C2C6A0 /* Sources */ = {
			isa = PBXSourcesBuildPhase;
			buildActionMask = 2147483647;
			files = (
				B9355AA81AD7D13500C2C6A0 /* ViewController.m in Sources */,
				B9355AA51AD7D13500C2C6A0 /* AppDelegate.m in Sources */,
				B9355AA21AD7D13500C2C6A0 /* main.m in Sources */,
			);
			runOnlyForDeploymentPostprocessing = 0;
		};
		B9355AB11AD7D13500C2C6A0 /* Sources */ = {
			isa = PBXSourcesBuildPhase;
			buildActionMask = 2147483647;
			files = (
				B9355ABC1AD7D13500C2C6A0 /* ToDoListTests.m in Sources */,
			);
			runOnlyForDeploymentPostprocessing = 0;
		};
/* End PBXSourcesBuildPhase section */

/* Begin PBXTargetDependency section */
		B9355AB71AD7D13500C2C6A0 /* PBXTargetDependency */ = {
			isa = PBXTargetDependency;
			target = B9355A9B1AD7D13500C2C6A0 /* ToDoList */;
			targetProxy = B9355AB61AD7D13500C2C6A0 /* PBXContainerItemProxy */;
		};
/* End PBXTargetDependency section */

/* Begin PBXVariantGroup section */
		B9355AA91AD7D13500C2C6A0 /* Main.storyboard */ = {
			isa = PBXVariantGroup;
			children = (
				B9355AAA1AD7D13500C2C6A0 /* Base */,
			);
			name = Main.storyboard;
			sourceTree = "<group>";
		};
		B9355AAE1AD7D13500C2C6A0 /* LaunchScreen.xib */ = {
			isa = PBXVariantGroup;
			children = (
				B9355AAF1AD7D13500C2C6A0 /* Base */,
			);
			name = LaunchScreen.xib;
			sourceTree = "<group>";
		};
/* End PBXVariantGroup section */

/* Begin XCBuildConfiguration section */
		B9355ABD1AD7D13500C2C6A0 /* Debug */ = {
			isa = XCBuildConfiguration;
			buildSettings = {
				ALWAYS_SEARCH_USER_PATHS = NO;
				CLANG_CXX_LANGUAGE_STANDARD = "gnu++0x";
				CLANG_CXX_LIBRARY = "libc++";
				CLANG_ENABLE_MODULES = YES;
				CLANG_ENABLE_OBJC_ARC = YES;
				CLANG_WARN_BOOL_CONVERSION = YES;
				CLANG_WARN_CONSTANT_CONVERSION = YES;
				CLANG_WARN_DIRECT_OBJC_ISA_USAGE = YES_ERROR;
				CLANG_WARN_EMPTY_BODY = YES;
				CLANG_WARN_ENUM_CONVERSION = YES;
				CLANG_WARN_INT_CONVERSION = YES;
				CLANG_WARN_OBJC_ROOT_CLASS = YES_ERROR;
				CLANG_WARN_UNREACHABLE_CODE = YES;
				CLANG_WARN__DUPLICATE_METHOD_MATCH = YES;
				"CODE_SIGN_IDENTITY[sdk=iphoneos*]" = "iPhone Developer";
				COPY_PHASE_STRIP = NO;
				DEBUG_INFORMATION_FORMAT = "dwarf-with-dsym";
				ENABLE_STRICT_OBJC_MSGSEND = YES;
				GCC_C_LANGUAGE_STANDARD = gnu99;
				GCC_DYNAMIC_NO_PIC = NO;
				GCC_NO_COMMON_BLOCKS = YES;
				GCC_OPTIMIZATION_LEVEL = 0;
				GCC_PREPROCESSOR_DEFINITIONS = (
					"DEBUG=1",
					"$(inherited)",
				);
				GCC_SYMBOLS_PRIVATE_EXTERN = NO;
				GCC_WARN_64_TO_32_BIT_CONVERSION = YES;
				GCC_WARN_ABOUT_RETURN_TYPE = YES_ERROR;
				GCC_WARN_UNDECLARED_SELECTOR = YES;
				GCC_WARN_UNINITIALIZED_AUTOS = YES_AGGRESSIVE;
				GCC_WARN_UNUSED_FUNCTION = YES;
				GCC_WARN_UNUSED_VARIABLE = YES;
				IPHONEOS_DEPLOYMENT_TARGET = 8.3;
				MTL_ENABLE_DEBUG_INFO = YES;
				ONLY_ACTIVE_ARCH = YES;
				SDKROOT = iphoneos;
				TARGETED_DEVICE_FAMILY = "1,2";
			};
			name = Debug;
		};
		B9355ABE1AD7D13500C2C6A0 /* Release */ = {
			isa = XCBuildConfiguration;
			buildSettings = {
				ALWAYS_SEARCH_USER_PATHS = NO;
				CLANG_CXX_LANGUAGE_STANDARD = "gnu++0x";
				CLANG_CXX_LIBRARY = "libc++";
				CLANG_ENABLE_MODULES = YES;
				CLANG_ENABLE_OBJC_ARC = YES;
				CLANG_WARN_BOOL_CONVERSION = YES;
				CLANG_WARN_CONSTANT_CONVERSION = YES;
				CLANG_WARN_DIRECT_OBJC_ISA_USAGE = YES_ERROR;
				CLANG_WARN_EMPTY_BODY = YES;
				CLANG_WARN_ENUM_CONVERSION = YES;
				CLANG_WARN_INT_CONVERSION = YES;
				CLANG_WARN_OBJC_ROOT_CLASS = YES_ERROR;
				CLANG_WARN_UNREACHABLE_CODE = YES;
				CLANG_WARN__DUPLICATE_METHOD_MATCH = YES;
				"CODE_SIGN_IDENTITY[sdk=iphoneos*]" = "iPhone Developer";
				COPY_PHASE_STRIP = NO;
				DEBUG_INFORMATION_FORMAT = "dwarf-with-dsym";
				ENABLE_NS_ASSERTIONS = NO;
				ENABLE_STRICT_OBJC_MSGSEND = YES;
				GCC_C_LANGUAGE_STANDARD = gnu99;
				GCC_NO_COMMON_BLOCKS = YES;
				GCC_WARN_64_TO_32_BIT_CONVERSION = YES;
				GCC_WARN_ABOUT_RETURN_TYPE = YES_ERROR;
				GCC_WARN_UNDECLARED_SELECTOR = YES;
				GCC_WARN_UNINITIALIZED_AUTOS = YES_AGGRESSIVE;
				GCC_WARN_UNUSED_FUNCTION = YES;
				GCC_WARN_UNUSED_VARIABLE = YES;
				IPHONEOS_DEPLOYMENT_TARGET = 8.3;
				MTL_ENABLE_DEBUG_INFO = NO;
				SDKROOT = iphoneos;
				TARGETED_DEVICE_FAMILY = "1,2";
				VALIDATE_PRODUCT = YES;
			};
			name = Release;
		};
		B9355AC01AD7D13500C2C6A0 /* Debug */ = {
			isa = XCBuildConfiguration;
			buildSettings = {
				ASSETCATALOG_COMPILER_APPICON_NAME = AppIcon;
				INFOPLIST_FILE = ToDoList/Info.plist;
				LD_RUNPATH_SEARCH_PATHS = "$(inherited) @executable_path/Frameworks";
				PRODUCT_NAME = "$(TARGET_NAME)";
			};
			name = Debug;
		};
		B9355AC11AD7D13500C2C6A0 /* Release */ = {
			isa = XCBuildConfiguration;
			buildSettings = {
				ASSETCATALOG_COMPILER_APPICON_NAME = AppIcon;
				INFOPLIST_FILE = ToDoList/Info.plist;
				LD_RUNPATH_SEARCH_PATHS = "$(inherited) @executable_path/Frameworks";
				PRODUCT_NAME = "$(TARGET_NAME)";
			};
			name = Release;
		};
		B9355AC31AD7D13500C2C6A0 /* Debug */ = {
			isa = XCBuildConfiguration;
			buildSettings = {
				BUNDLE_LOADER = "$(TEST_HOST)";
				FRAMEWORK_SEARCH_PATHS = (
					"$(SDKROOT)/Developer/Library/Frameworks",
					"$(inherited)",
				);
				GCC_PREPROCESSOR_DEFINITIONS = (
					"DEBUG=1",
					"$(inherited)",
				);
				INFOPLIST_FILE = ToDoListTests/Info.plist;
				LD_RUNPATH_SEARCH_PATHS = "$(inherited) @executable_path/Frameworks @loader_path/Frameworks";
				PRODUCT_NAME = "$(TARGET_NAME)";
				TEST_HOST = "$(BUILT_PRODUCTS_DIR)/ToDoList.app/ToDoList";
			};
			name = Debug;
		};
		B9355AC41AD7D13500C2C6A0 /* Release */ = {
			isa = XCBuildConfiguration;
			buildSettings = {
				BUNDLE_LOADER = "$(TEST_HOST)";
				FRAMEWORK_SEARCH_PATHS = (
					"$(SDKROOT)/Developer/Library/Frameworks",
					"$(inherited)",
				);
				INFOPLIST_FILE = ToDoListTests/Info.plist;
				LD_RUNPATH_SEARCH_PATHS = "$(inherited) @executable_path/Frameworks @loader_path/Frameworks";
				PRODUCT_NAME = "$(TARGET_NAME)";
				TEST_HOST = "$(BUILT_PRODUCTS_DIR)/ToDoList.app/ToDoList";
			};
			name = Release;
		};
/* End XCBuildConfiguration section */

/* Begin XCConfigurationList section */
		B9355A971AD7D13500C2C6A0 /* Build configuration list for PBXProject "ToDoList" */ = {
			isa = XCConfigurationList;
			buildConfigurations = (
				B9355ABD1AD7D13500C2C6A0 /* Debug */,
				B9355ABE1AD7D13500C2C6A0 /* Release */,
			);
			defaultConfigurationIsVisible = 0;
			defaultConfigurationName = Release;
		};
		B9355ABF1AD7D13500C2C6A0 /* Build configuration list for PBXNativeTarget "ToDoList" */ = {
			isa = XCConfigurationList;
			buildConfigurations = (
				B9355AC01AD7D13500C2C6A0 /* Debug */,
				B9355AC11AD7D13500C2C6A0 /* Release */,
			);
			defaultConfigurationIsVisible = 0;
		};
		B9355AC21AD7D13500C2C6A0 /* Build configuration list for PBXNativeTarget "ToDoListTests" */ = {
			isa = XCConfigurationList;
			buildConfigurations = (
				B9355AC31AD7D13500C2C6A0 /* Debug */,
				B9355AC41AD7D13500C2C6A0 /* Release */,
			);
			defaultConfigurationIsVisible = 0;
		};
/* End XCConfigurationList section */
	};
	rootObject = B9355A941AD7D13500C2C6A0 /* Project object */;
}
